// !$*UTF8*$!
{
	archiveVersion = 1;
	classes = {
	};
	objectVersion = 55;
	objects = {

/* Begin PBXBuildFile section */
		FA884410283D393500E5F79B /* choki.png in Resources */ = {isa = PBXBuildFile; fileRef = FA88440E283D393500E5F79B /* choki.png */; };
		FA884411283D393500E5F79B /* gu.png in Resources */ = {isa = PBXBuildFile; fileRef = FA88440F283D393500E5F79B /* gu.png */; };
		FA884413283D394800E5F79B /* pa.png in Resources */ = {isa = PBXBuildFile; fileRef = FA884412283D394800E5F79B /* pa.png */; };
		FA9552AD2833706F007078EF /* AppDelegate.swift in Sources */ = {isa = PBXBuildFile; fileRef = FA9552AC2833706F007078EF /* AppDelegate.swift */; };
		FA9552AF2833706F007078EF /* SceneDelegate.swift in Sources */ = {isa = PBXBuildFile; fileRef = FA9552AE2833706F007078EF /* SceneDelegate.swift */; };
		FA9552B12833706F007078EF /* ViewController.swift in Sources */ = {isa = PBXBuildFile; fileRef = FA9552B02833706F007078EF /* ViewController.swift */; };
		FA9552B42833706F007078EF /* Main.storyboard in Resources */ = {isa = PBXBuildFile; fileRef = FA9552B22833706F007078EF /* Main.storyboard */; };
		FA9552B628337070007078EF /* Assets.xcassets in Resources */ = {isa = PBXBuildFile; fileRef = FA9552B528337070007078EF /* Assets.xcassets */; };
		FA9552B928337070007078EF /* LaunchScreen.storyboard in Resources */ = {isa = PBXBuildFile; fileRef = FA9552B728337070007078EF /* LaunchScreen.storyboard */; };
		FA9552C428337071007078EF /* RPSTests.swift in Sources */ = {isa = PBXBuildFile; fileRef = FA9552C328337071007078EF /* RPSTests.swift */; };
		FA9552CE28337071007078EF /* RPSUITests.swift in Sources */ = {isa = PBXBuildFile; fileRef = FA9552CD28337071007078EF /* RPSUITests.swift */; };
		FA9552D028337071007078EF /* RPSUITestsLaunchTests.swift in Sources */ = {isa = PBXBuildFile; fileRef = FA9552CF28337071007078EF /* RPSUITestsLaunchTests.swift */; };
		FA9552DF2833712B007078EF /* jankenpon2.mp3 in Resources */ = {isa = PBXBuildFile; fileRef = FA9552DD2833712A007078EF /* jankenpon2.mp3 */; };
		FA9552E02833712B007078EF /* jankenpon.mp3 in Resources */ = {isa = PBXBuildFile; fileRef = FA9552DE2833712A007078EF /* jankenpon.mp3 */; };
/* End PBXBuildFile section */

/* Begin PBXContainerItemProxy section */
		FA9552C028337071007078EF /* PBXContainerItemProxy */ = {
			isa = PBXContainerItemProxy;
			containerPortal = FA9552A12833706F007078EF /* Project object */;
			proxyType = 1;
			remoteGlobalIDString = FA9552A82833706F007078EF;
			remoteInfo = RPS;
		};
		FA9552CA28337071007078EF /* PBXContainerItemProxy */ = {
			isa = PBXContainerItemProxy;
			containerPortal = FA9552A12833706F007078EF /* Project object */;
			proxyType = 1;
			remoteGlobalIDString = FA9552A82833706F007078EF;
			remoteInfo = RPS;
		};
/* End PBXContainerItemProxy section */

/* Begin PBXFileReference section */
		FA88440E283D393500E5F79B /* choki.png */ = {isa = PBXFileReference; lastKnownFileType = image.png; path = choki.png; sourceTree = "<group>"; };
		FA88440F283D393500E5F79B /* gu.png */ = {isa = PBXFileReference; lastKnownFileType = image.png; path = gu.png; sourceTree = "<group>"; };
		FA884412283D394800E5F79B /* pa.png */ = {isa = PBXFileReference; lastKnownFileType = image.png; path = pa.png; sourceTree = "<group>"; };
		FA9552A92833706F007078EF /* RPS.app */ = {isa = PBXFileReference; explicitFileType = wrapper.application; includeInIndex = 0; path = RPS.app; sourceTree = BUILT_PRODUCTS_DIR; };
		FA9552AC2833706F007078EF /* AppDelegate.swift */ = {isa = PBXFileReference; lastKnownFileType = sourcecode.swift; path = AppDelegate.swift; sourceTree = "<group>"; };
		FA9552AE2833706F007078EF /* SceneDelegate.swift */ = {isa = PBXFileReference; lastKnownFileType = sourcecode.swift; path = SceneDelegate.swift; sourceTree = "<group>"; };
		FA9552B02833706F007078EF /* ViewController.swift */ = {isa = PBXFileReference; lastKnownFileType = sourcecode.swift; path = ViewController.swift; sourceTree = "<group>"; };
		FA9552B32833706F007078EF /* Base */ = {isa = PBXFileReference; lastKnownFileType = file.storyboard; name = Base; path = Base.lproj/Main.storyboard; sourceTree = "<group>"; };
		FA9552B528337070007078EF /* Assets.xcassets */ = {isa = PBXFileReference; lastKnownFileType = folder.assetcatalog; path = Assets.xcassets; sourceTree = "<group>"; };
		FA9552B828337070007078EF /* Base */ = {isa = PBXFileReference; lastKnownFileType = file.storyboard; name = Base; path = Base.lproj/LaunchScreen.storyboard; sourceTree = "<group>"; };
		FA9552BA28337070007078EF /* Info.plist */ = {isa = PBXFileReference; lastKnownFileType = text.plist.xml; path = Info.plist; sourceTree = "<group>"; };
		FA9552BF28337071007078EF /* RPSTests.xctest */ = {isa = PBXFileReference; explicitFileType = wrapper.cfbundle; includeInIndex = 0; path = RPSTests.xctest; sourceTree = BUILT_PRODUCTS_DIR; };
		FA9552C328337071007078EF /* RPSTests.swift */ = {isa = PBXFileReference; lastKnownFileType = sourcecode.swift; path = RPSTests.swift; sourceTree = "<group>"; };
		FA9552C928337071007078EF /* RPSUITests.xctest */ = {isa = PBXFileReference; explicitFileType = wrapper.cfbundle; includeInIndex = 0; path = RPSUITests.xctest; sourceTree = BUILT_PRODUCTS_DIR; };
		FA9552CD28337071007078EF /* RPSUITests.swift */ = {isa = PBXFileReference; lastKnownFileType = sourcecode.swift; path = RPSUITests.swift; sourceTree = "<group>"; };
		FA9552CF28337071007078EF /* RPSUITestsLaunchTests.swift */ = {isa = PBXFileReference; lastKnownFileType = sourcecode.swift; path = RPSUITestsLaunchTests.swift; sourceTree = "<group>"; };
		FA9552DD2833712A007078EF /* jankenpon2.mp3 */ = {isa = PBXFileReference; lastKnownFileType = audio.mp3; path = jankenpon2.mp3; sourceTree = "<group>"; };
		FA9552DE2833712A007078EF /* jankenpon.mp3 */ = {isa = PBXFileReference; lastKnownFileType = audio.mp3; path = jankenpon.mp3; sourceTree = "<group>"; };
/* End PBXFileReference section */

/* Begin PBXFrameworksBuildPhase section */
		FA9552A62833706F007078EF /* Frameworks */ = {
			isa = PBXFrameworksBuildPhase;
			buildActionMask = 2147483647;
			files = (
			);
			runOnlyForDeploymentPostprocessing = 0;
		};
		FA9552BC28337071007078EF /* Frameworks */ = {
			isa = PBXFrameworksBuildPhase;
			buildActionMask = 2147483647;
			files = (
			);
			runOnlyForDeploymentPostprocessing = 0;
		};
		FA9552C628337071007078EF /* Frameworks */ = {
			isa = PBXFrameworksBuildPhase;
			buildActionMask = 2147483647;
			files = (
			);
			runOnlyForDeploymentPostprocessing = 0;
		};
/* End PBXFrameworksBuildPhase section */

/* Begin PBXGroup section */
		FA88440D283D38BC00E5F79B /* Images */ = {
			isa = PBXGroup;
			children = (
				FA884412283D394800E5F79B /* pa.png */,
				FA88440E283D393500E5F79B /* choki.png */,
				FA88440F283D393500E5F79B /* gu.png */,
			);
			path = Images;
			sourceTree = "<group>";
		};
		FA9552A02833706F007078EF = {
			isa = PBXGroup;
			children = (
				FA9552AB2833706F007078EF /* RPS */,
				FA9552C228337071007078EF /* RPSTests */,
				FA9552CC28337071007078EF /* RPSUITests */,
				FA9552AA2833706F007078EF /* Products */,
			);
			sourceTree = "<group>";
		};
		FA9552AA2833706F007078EF /* Products */ = {
			isa = PBXGroup;
			children = (
				FA9552A92833706F007078EF /* RPS.app */,
				FA9552BF28337071007078EF /* RPSTests.xctest */,
				FA9552C928337071007078EF /* RPSUITests.xctest */,
			);
			name = Products;
			sourceTree = "<group>";
		};
		FA9552AB2833706F007078EF /* RPS */ = {
			isa = PBXGroup;
			children = (
				FA88440D283D38BC00E5F79B /* Images */,
				FA9552DC28337105007078EF /* Sounds */,
				FA9552AC2833706F007078EF /* AppDelegate.swift */,
				FA9552AE2833706F007078EF /* SceneDelegate.swift */,
				FA9552B02833706F007078EF /* ViewController.swift */,
				FA9552B528337070007078EF /* Assets.xcassets */,
				FA9552B22833706F007078EF /* Main.storyboard */,
				FA9552B728337070007078EF /* LaunchScreen.storyboard */,
				FA9552BA28337070007078EF /* Info.plist */,
			);
			path = RPS;
			sourceTree = "<group>";
		};
		FA9552C228337071007078EF /* RPSTests */ = {
			isa = PBXGroup;
			children = (
				FA9552C328337071007078EF /* RPSTests.swift */,
			);
			path = RPSTests;
			sourceTree = "<group>";
		};
		FA9552CC28337071007078EF /* RPSUITests */ = {
			isa = PBXGroup;
			children = (
				FA9552CD28337071007078EF /* RPSUITests.swift */,
				FA9552CF28337071007078EF /* RPSUITestsLaunchTests.swift */,
			);
			path = RPSUITests;
			sourceTree = "<group>";
		};
		FA9552DC28337105007078EF /* Sounds */ = {
			isa = PBXGroup;
			children = (
				FA9552DE2833712A007078EF /* jankenpon.mp3 */,
				FA9552DD2833712A007078EF /* jankenpon2.mp3 */,
			);
			path = Sounds;
			sourceTree = "<group>";
		};
/* End PBXGroup section */

/* Begin PBXNativeTarget section */
		FA9552A82833706F007078EF /* RPS */ = {
			isa = PBXNativeTarget;
			buildConfigurationList = FA9552D328337071007078EF /* Build configuration list for PBXNativeTarget "RPS" */;
			buildPhases = (
				FA9552A52833706F007078EF /* Sources */,
				FA9552A62833706F007078EF /* Frameworks */,
				FA9552A72833706F007078EF /* Resources */,
			);
			buildRules = (
			);
			dependencies = (
			);
			name = RPS;
			productName = RPS;
			productReference = FA9552A92833706F007078EF /* RPS.app */;
			productType = "com.apple.product-type.application";
		};
		FA9552BE28337071007078EF /* RPSTests */ = {
			isa = PBXNativeTarget;
			buildConfigurationList = FA9552D628337071007078EF /* Build configuration list for PBXNativeTarget "RPSTests" */;
			buildPhases = (
				FA9552BB28337071007078EF /* Sources */,
				FA9552BC28337071007078EF /* Frameworks */,
				FA9552BD28337071007078EF /* Resources */,
			);
			buildRules = (
			);
			dependencies = (
				FA9552C128337071007078EF /* PBXTargetDependency */,
			);
			name = RPSTests;
			productName = RPSTests;
			productReference = FA9552BF28337071007078EF /* RPSTests.xctest */;
			productType = "com.apple.product-type.bundle.unit-test";
		};
		FA9552C828337071007078EF /* RPSUITests */ = {
			isa = PBXNativeTarget;
			buildConfigurationList = FA9552D928337071007078EF /* Build configuration list for PBXNativeTarget "RPSUITests" */;
			buildPhases = (
				FA9552C528337071007078EF /* Sources */,
				FA9552C628337071007078EF /* Frameworks */,
				FA9552C728337071007078EF /* Resources */,
			);
			buildRules = (
			);
			dependencies = (
				FA9552CB28337071007078EF /* PBXTargetDependency */,
			);
			name = RPSUITests;
			productName = RPSUITests;
			productReference = FA9552C928337071007078EF /* RPSUITests.xctest */;
			productType = "com.apple.product-type.bundle.ui-testing";
		};
/* End PBXNativeTarget section */

/* Begin PBXProject section */
		FA9552A12833706F007078EF /* Project object */ = {
			isa = PBXProject;
			attributes = {
				BuildIndependentTargetsInParallel = 1;
				LastSwiftUpdateCheck = 1330;
				LastUpgradeCheck = 1330;
				TargetAttributes = {
					FA9552A82833706F007078EF = {
						CreatedOnToolsVersion = 13.3.1;
					};
					FA9552BE28337071007078EF = {
						CreatedOnToolsVersion = 13.3.1;
						TestTargetID = FA9552A82833706F007078EF;
					};
					FA9552C828337071007078EF = {
						CreatedOnToolsVersion = 13.3.1;
						TestTargetID = FA9552A82833706F007078EF;
					};
				};
			};
			buildConfigurationList = FA9552A42833706F007078EF /* Build configuration list for PBXProject "RPS" */;
			compatibilityVersion = "Xcode 13.0";
			developmentRegion = en;
			hasScannedForEncodings = 0;
			knownRegions = (
				en,
				Base,
			);
			mainGroup = FA9552A02833706F007078EF;
			productRefGroup = FA9552AA2833706F007078EF /* Products */;
			projectDirPath = "";
			projectRoot = "";
			targets = (
				FA9552A82833706F007078EF /* RPS */,
				FA9552BE28337071007078EF /* RPSTests */,
				FA9552C828337071007078EF /* RPSUITests */,
			);
		};
/* End PBXProject section */

/* Begin PBXResourcesBuildPhase section */
		FA9552A72833706F007078EF /* Resources */ = {
			isa = PBXResourcesBuildPhase;
			buildActionMask = 2147483647;
			files = (
				FA884410283D393500E5F79B /* choki.png in Resources */,
				FA9552B928337070007078EF /* LaunchScreen.storyboard in Resources */,
				FA884413283D394800E5F79B /* pa.png in Resources */,
				FA9552B628337070007078EF /* Assets.xcassets in Resources */,
				FA9552DF2833712B007078EF /* jankenpon2.mp3 in Resources */,
				FA9552E02833712B007078EF /* jankenpon.mp3 in Resources */,
				FA9552B42833706F007078EF /* Main.storyboard in Resources */,
				FA884411283D393500E5F79B /* gu.png in Resources */,
			);
			runOnlyForDeploymentPostprocessing = 0;
		};
		FA9552BD28337071007078EF /* Resources */ = {
			isa = PBXResourcesBuildPhase;
			buildActionMask = 2147483647;
			files = (
			);
			runOnlyForDeploymentPostprocessing = 0;
		};
		FA9552C728337071007078EF /* Resources */ = {
			isa = PBXResourcesBuildPhase;
			buildActionMask = 2147483647;
			files = (
			);
			runOnlyForDeploymentPostprocessing = 0;
		};
/* End PBXResourcesBuildPhase section */

/* Begin PBXSourcesBuildPhase section */
		FA9552A52833706F007078EF /* Sources */ = {
			isa = PBXSourcesBuildPhase;
			buildActionMask = 2147483647;
			files = (
				FA9552B12833706F007078EF /* ViewController.swift in Sources */,
				FA9552AD2833706F007078EF /* AppDelegate.swift in Sources */,
				FA9552AF2833706F007078EF /* SceneDelegate.swift in Sources */,
			);
			runOnlyForDeploymentPostprocessing = 0;
		};
		FA9552BB28337071007078EF /* Sources */ = {
			isa = PBXSourcesBuildPhase;
			buildActionMask = 2147483647;
			files = (
				FA9552C428337071007078EF /* RPSTests.swift in Sources */,
			);
			runOnlyForDeploymentPostprocessing = 0;
		};
		FA9552C528337071007078EF /* Sources */ = {
			isa = PBXSourcesBuildPhase;
			buildActionMask = 2147483647;
			files = (
				FA9552D028337071007078EF /* RPSUITestsLaunchTests.swift in Sources */,
				FA9552CE28337071007078EF /* RPSUITests.swift in Sources */,
			);
			runOnlyForDeploymentPostprocessing = 0;
		};
/* End PBXSourcesBuildPhase section */

/* Begin PBXTargetDependency section */
		FA9552C128337071007078EF /* PBXTargetDependency */ = {
			isa = PBXTargetDependency;
			target = FA9552A82833706F007078EF /* RPS */;
			targetProxy = FA9552C028337071007078EF /* PBXContainerItemProxy */;
		};
		FA9552CB28337071007078EF /* PBXTargetDependency */ = {
			isa = PBXTargetDependency;
			target = FA9552A82833706F007078EF /* RPS */;
			targetProxy = FA9552CA28337071007078EF /* PBXContainerItemProxy */;
		};
/* End PBXTargetDependency section */

/* Begin PBXVariantGroup section */
		FA9552B22833706F007078EF /* Main.storyboard */ = {
			isa = PBXVariantGroup;
			children = (
				FA9552B32833706F007078EF /* Base */,
			);
			name = Main.storyboard;
			sourceTree = "<group>";
		};
		FA9552B728337070007078EF /* LaunchScreen.storyboard */ = {
			isa = PBXVariantGroup;
			children = (
				FA9552B828337070007078EF /* Base */,
			);
			name = LaunchScreen.storyboard;
			sourceTree = "<group>";
		};
/* End PBXVariantGroup section */

/* Begin XCBuildConfiguration section */
		FA9552D128337071007078EF /* Debug */ = {
			isa = XCBuildConfiguration;
			buildSettings = {
				ALWAYS_SEARCH_USER_PATHS = NO;
				CLANG_ANALYZER_NONNULL = YES;
				CLANG_ANALYZER_NUMBER_OBJECT_CONVERSION = YES_AGGRESSIVE;
				CLANG_CXX_LANGUAGE_STANDARD = "gnu++17";
				CLANG_ENABLE_MODULES = YES;
				CLANG_ENABLE_OBJC_ARC = YES;
				CLANG_ENABLE_OBJC_WEAK = YES;
				CLANG_WARN_BLOCK_CAPTURE_AUTORELEASING = YES;
				CLANG_WARN_BOOL_CONVERSION = YES;
				CLANG_WARN_COMMA = YES;
				CLANG_WARN_CONSTANT_CONVERSION = YES;
				CLANG_WARN_DEPRECATED_OBJC_IMPLEMENTATIONS = YES;
				CLANG_WARN_DIRECT_OBJC_ISA_USAGE = YES_ERROR;
				CLANG_WARN_DOCUMENTATION_COMMENTS = YES;
				CLANG_WARN_EMPTY_BODY = YES;
				CLANG_WARN_ENUM_CONVERSION = YES;
				CLANG_WARN_INFINITE_RECURSION = YES;
				CLANG_WARN_INT_CONVERSION = YES;
				CLANG_WARN_NON_LITERAL_NULL_CONVERSION = YES;
				CLANG_WARN_OBJC_IMPLICIT_RETAIN_SELF = YES;
				CLANG_WARN_OBJC_LITERAL_CONVERSION = YES;
				CLANG_WARN_OBJC_ROOT_CLASS = YES_ERROR;
				CLANG_WARN_QUOTED_INCLUDE_IN_FRAMEWORK_HEADER = YES;
				CLANG_WARN_RANGE_LOOP_ANALYSIS = YES;
				CLANG_WARN_STRICT_PROTOTYPES = YES;
				CLANG_WARN_SUSPICIOUS_MOVE = YES;
				CLANG_WARN_UNGUARDED_AVAILABILITY = YES_AGGRESSIVE;
				CLANG_WARN_UNREACHABLE_CODE = YES;
				CLANG_WARN__DUPLICATE_METHOD_MATCH = YES;
				COPY_PHASE_STRIP = NO;
				DEBUG_INFORMATION_FORMAT = dwarf;
				ENABLE_STRICT_OBJC_MSGSEND = YES;
				ENABLE_TESTABILITY = YES;
				GCC_C_LANGUAGE_STANDARD = gnu11;
				GCC_DYNAMIC_NO_PIC = NO;
				GCC_NO_COMMON_BLOCKS = YES;
				GCC_OPTIMIZATION_LEVEL = 0;
				GCC_PREPROCESSOR_DEFINITIONS = (
					"DEBUG=1",
					"$(inherited)",
				);
				GCC_WARN_64_TO_32_BIT_CONVERSION = YES;
				GCC_WARN_ABOUT_RETURN_TYPE = YES_ERROR;
				GCC_WARN_UNDECLARED_SELECTOR = YES;
				GCC_WARN_UNINITIALIZED_AUTOS = YES_AGGRESSIVE;
				GCC_WARN_UNUSED_FUNCTION = YES;
				GCC_WARN_UNUSED_VARIABLE = YES;
				IPHONEOS_DEPLOYMENT_TARGET = 15.4;
				MTL_ENABLE_DEBUG_INFO = INCLUDE_SOURCE;
				MTL_FAST_MATH = YES;
				ONLY_ACTIVE_ARCH = YES;
				SDKROOT = iphoneos;
				SWIFT_ACTIVE_COMPILATION_CONDITIONS = DEBUG;
				SWIFT_OPTIMIZATION_LEVEL = "-Onone";
			};
			name = Debug;
		};
		FA9552D228337071007078EF /* Release */ = {
			isa = XCBuildConfiguration;
			buildSettings = {
				ALWAYS_SEARCH_USER_PATHS = NO;
				CLANG_ANALYZER_NONNULL = YES;
				CLANG_ANALYZER_NUMBER_OBJECT_CONVERSION = YES_AGGRESSIVE;
				CLANG_CXX_LANGUAGE_STANDARD = "gnu++17";
				CLANG_ENABLE_MODULES = YES;
				CLANG_ENABLE_OBJC_ARC = YES;
				CLANG_ENABLE_OBJC_WEAK = YES;
				CLANG_WARN_BLOCK_CAPTURE_AUTORELEASING = YES;
				CLANG_WARN_BOOL_CONVERSION = YES;
				CLANG_WARN_COMMA = YES;
				CLANG_WARN_CONSTANT_CONVERSION = YES;
				CLANG_WARN_DEPRECATED_OBJC_IMPLEMENTATIONS = YES;
				CLANG_WARN_DIRECT_OBJC_ISA_USAGE = YES_ERROR;
				CLANG_WARN_DOCUMENTATION_COMMENTS = YES;
				CLANG_WARN_EMPTY_BODY = YES;
				CLANG_WARN_ENUM_CONVERSION = YES;
				CLANG_WARN_INFINITE_RECURSION = YES;
				CLANG_WARN_INT_CONVERSION = YES;
				CLANG_WARN_NON_LITERAL_NULL_CONVERSION = YES;
				CLANG_WARN_OBJC_IMPLICIT_RETAIN_SELF = YES;
				CLANG_WARN_OBJC_LITERAL_CONVERSION = YES;
				CLANG_WARN_OBJC_ROOT_CLASS = YES_ERROR;
				CLANG_WARN_QUOTED_INCLUDE_IN_FRAMEWORK_HEADER = YES;
				CLANG_WARN_RANGE_LOOP_ANALYSIS = YES;
				CLANG_WARN_STRICT_PROTOTYPES = YES;
				CLANG_WARN_SUSPICIOUS_MOVE = YES;
				CLANG_WARN_UNGUARDED_AVAILABILITY = YES_AGGRESSIVE;
				CLANG_WARN_UNREACHABLE_CODE = YES;
				CLANG_WARN__DUPLICATE_METHOD_MATCH = YES;
				COPY_PHASE_STRIP = NO;
				DEBUG_INFORMATION_FORMAT = "dwarf-with-dsym";
				ENABLE_NS_ASSERTIONS = NO;
				ENABLE_STRICT_OBJC_MSGSEND = YES;
				GCC_C_LANGUAGE_STANDARD = gnu11;
				GCC_NO_COMMON_BLOCKS = YES;
				GCC_WARN_64_TO_32_BIT_CONVERSION = YES;
				GCC_WARN_ABOUT_RETURN_TYPE = YES_ERROR;
				GCC_WARN_UNDECLARED_SELECTOR = YES;
				GCC_WARN_UNINITIALIZED_AUTOS = YES_AGGRESSIVE;
				GCC_WARN_UNUSED_FUNCTION = YES;
				GCC_WARN_UNUSED_VARIABLE = YES;
				IPHONEOS_DEPLOYMENT_TARGET = 15.4;
				MTL_ENABLE_DEBUG_INFO = NO;
				MTL_FAST_MATH = YES;
				SDKROOT = iphoneos;
				SWIFT_COMPILATION_MODE = wholemodule;
				SWIFT_OPTIMIZATION_LEVEL = "-O";
				VALIDATE_PRODUCT = YES;
			};
			name = Release;
		};
		FA9552D428337071007078EF /* Debug */ = {
			isa = XCBuildConfiguration;
			buildSettings = {
				ASSETCATALOG_COMPILER_APPICON_NAME = AppIcon;
				ASSETCATALOG_COMPILER_GLOBAL_ACCENT_COLOR_NAME = AccentColor;
				CODE_SIGN_STYLE = Automatic;
				CURRENT_PROJECT_VERSION = 1;
				DEVELOPMENT_TEAM = 363SNWAACJ;
				GENERATE_INFOPLIST_FILE = YES;
				INFOPLIST_FILE = RPS/Info.plist;
				INFOPLIST_KEY_UIApplicationSupportsIndirectInputEvents = YES;
				INFOPLIST_KEY_UILaunchStoryboardName = LaunchScreen;
				INFOPLIST_KEY_UIMainStoryboardFile = Main;
				INFOPLIST_KEY_UISupportedInterfaceOrientations_iPad = "UIInterfaceOrientationPortrait UIInterfaceOrientationPortraitUpsideDown UIInterfaceOrientationLandscapeLeft UIInterfaceOrientationLandscapeRight";
				INFOPLIST_KEY_UISupportedInterfaceOrientations_iPhone = "UIInterfaceOrientationPortrait UIInterfaceOrientationLandscapeLeft UIInterfaceOrientationLandscapeRight";
				LD_RUNPATH_SEARCH_PATHS = (
					"$(inherited)",
					"@executable_path/Frameworks",
				);
				MARKETING_VERSION = 1.0;
				PRODUCT_BUNDLE_IDENTIFIER = bravrr.bounceme.net.RPS;
				PRODUCT_NAME = "$(TARGET_NAME)";
				SWIFT_EMIT_LOC_STRINGS = YES;
				SWIFT_VERSION = 5.0;
				TARGETED_DEVICE_FAMILY = "1,2";
			};
			name = Debug;
		};
		FA9552D528337071007078EF /* Release */ = {
			isa = XCBuildConfiguration;
			buildSettings = {
				ASSETCATALOG_COMPILER_APPICON_NAME = AppIcon;
				ASSETCATALOG_COMPILER_GLOBAL_ACCENT_COLOR_NAME = AccentColor;
				CODE_SIGN_STYLE = Automatic;
				CURRENT_PROJECT_VERSION = 1;
				DEVELOPMENT_TEAM = 363SNWAACJ;
				GENERATE_INFOPLIST_FILE = YES;
				INFOPLIST_FILE = RPS/Info.plist;
				INFOPLIST_KEY_UIApplicationSupportsIndirectInputEvents = YES;
				INFOPLIST_KEY_UILaunchStoryboardName = LaunchScreen;
				INFOPLIST_KEY_UIMainStoryboardFile = Main;
				INFOPLIST_KEY_UISupportedInterfaceOrientations_iPad = "UIInterfaceOrientationPortrait UIInterfaceOrientationPortraitUpsideDown UIInterfaceOrientationLandscapeLeft UIInterfaceOrientationLandscapeRight";
				INFOPLIST_KEY_UISupportedInterfaceOrientations_iPhone = "UIInterfaceOrientationPortrait UIInterfaceOrientationLandscapeLeft UIInterfaceOrientationLandscapeRight";
				LD_RUNPATH_SEARCH_PATHS = (
					"$(inherited)",
					"@executable_path/Frameworks",
				);
				MARKETING_VERSION = 1.0;
				PRODUCT_BUNDLE_IDENTIFIER = bravrr.bounceme.net.RPS;
				PRODUCT_NAME = "$(TARGET_NAME)";
				SWIFT_EMIT_LOC_STRINGS = YES;
				SWIFT_VERSION = 5.0;
				TARGETED_DEVICE_FAMILY = "1,2";
			};
			name = Release;
		};
		FA9552D728337071007078EF /* Debug */ = {
			isa = XCBuildConfiguration;
			buildSettings = {
				ALWAYS_EMBED_SWIFT_STANDARD_LIBRARIES = YES;
				BUNDLE_LOADER = "$(TEST_HOST)";
				CODE_SIGN_STYLE = Automatic;
				CURRENT_PROJECT_VERSION = 1;
				GENERATE_INFOPLIST_FILE = YES;
				IPHONEOS_DEPLOYMENT_TARGET = 15.4;
				MARKETING_VERSION = 1.0;
				PRODUCT_BUNDLE_IDENTIFIER = bravrr.bounceme.net.RPSTests;
				PRODUCT_NAME = "$(TARGET_NAME)";
				SWIFT_EMIT_LOC_STRINGS = NO;
				SWIFT_VERSION = 5.0;
				TARGETED_DEVICE_FAMILY = "1,2";
				TEST_HOST = "$(BUILT_PRODUCTS_DIR)/RPS.app/RPS";
			};
			name = Debug;
		};
		FA9552D828337071007078EF /* Release */ = {
			isa = XCBuildConfiguration;
			buildSettings = {
				ALWAYS_EMBED_SWIFT_STANDARD_LIBRARIES = YES;
				BUNDLE_LOADER = "$(TEST_HOST)";
				CODE_SIGN_STYLE = Automatic;
				CURRENT_PROJECT_VERSION = 1;
				GENERATE_INFOPLIST_FILE = YES;
				IPHONEOS_DEPLOYMENT_TARGET = 15.4;
				MARKETING_VERSION = 1.0;
				PRODUCT_BUNDLE_IDENTIFIER = bravrr.bounceme.net.RPSTests;
				PRODUCT_NAME = "$(TARGET_NAME)";
				SWIFT_EMIT_LOC_STRINGS = NO;
				SWIFT_VERSION = 5.0;
				TARGETED_DEVICE_FAMILY = "1,2";
				TEST_HOST = "$(BUILT_PRODUCTS_DIR)/RPS.app/RPS";
			};
			name = Release;
		};
		FA9552DA28337071007078EF /* Debug */ = {
			isa = XCBuildConfiguration;
			buildSettings = {
				ALWAYS_EMBED_SWIFT_STANDARD_LIBRARIES = YES;
				CODE_SIGN_STYLE = Automatic;
				CURRENT_PROJECT_VERSION = 1;
				GENERATE_INFOPLIST_FILE = YES;
				MARKETING_VERSION = 1.0;
				PRODUCT_BUNDLE_IDENTIFIER = bravrr.bounceme.net.RPSUITests;
				PRODUCT_NAME = "$(TARGET_NAME)";
				SWIFT_EMIT_LOC_STRINGS = NO;
				SWIFT_VERSION = 5.0;
				TARGETED_DEVICE_FAMILY = "1,2";
				TEST_TARGET_NAME = RPS;
			};
			name = Debug;
		};
		FA9552DB28337071007078EF /* Release */ = {
			isa = XCBuildConfiguration;
			buildSettings = {
				ALWAYS_EMBED_SWIFT_STANDARD_LIBRARIES = YES;
				CODE_SIGN_STYLE = Automatic;
				CURRENT_PROJECT_VERSION = 1;
				GENERATE_INFOPLIST_FILE = YES;
				MARKETING_VERSION = 1.0;
				PRODUCT_BUNDLE_IDENTIFIER = bravrr.bounceme.net.RPSUITests;
				PRODUCT_NAME = "$(TARGET_NAME)";
				SWIFT_EMIT_LOC_STRINGS = NO;
				SWIFT_VERSION = 5.0;
				TARGETED_DEVICE_FAMILY = "1,2";
				TEST_TARGET_NAME = RPS;
			};
			name = Release;
		};
/* End XCBuildConfiguration section */

/* Begin XCConfigurationList section */
		FA9552A42833706F007078EF /* Build configuration list for PBXProject "RPS" */ = {
			isa = XCConfigurationList;
			buildConfigurations = (
				FA9552D128337071007078EF /* Debug */,
				FA9552D228337071007078EF /* Release */,
			);
			defaultConfigurationIsVisible = 0;
			defaultConfigurationName = Release;
		};
		FA9552D328337071007078EF /* Build configuration list for PBXNativeTarget "RPS" */ = {
			isa = XCConfigurationList;
			buildConfigurations = (
				FA9552D428337071007078EF /* Debug */,
				FA9552D528337071007078EF /* Release */,
			);
			defaultConfigurationIsVisible = 0;
			defaultConfigurationName = Release;
		};
		FA9552D628337071007078EF /* Build configuration list for PBXNativeTarget "RPSTests" */ = {
			isa = XCConfigurationList;
			buildConfigurations = (
				FA9552D728337071007078EF /* Debug */,
				FA9552D828337071007078EF /* Release */,
			);
			defaultConfigurationIsVisible = 0;
			defaultConfigurationName = Release;
		};
		FA9552D928337071007078EF /* Build configuration list for PBXNativeTarget "RPSUITests" */ = {
			isa = XCConfigurationList;
			buildConfigurations = (
				FA9552DA28337071007078EF /* Debug */,
				FA9552DB28337071007078EF /* Release */,
			);
			defaultConfigurationIsVisible = 0;
			defaultConfigurationName = Release;
		};
/* End XCConfigurationList section */
	};
	rootObject = FA9552A12833706F007078EF /* Project object */;
}
